{
  "pins" : [
    {
      "identity" : "swift-snappy",
      "kind" : "remoteSourceControl",
      "location" : "https://github.com/lovetodream/swift-snappy.git",
      "state" : {
        "revision" : "1ae49828144f397aebcbb9d3e334a8f84268ef8d",
        "version" : "1.0.0"
      }
    },
    {
      "identity" : "swift-system",
      "kind" : "remoteSourceControl",
      "location" : "https://github.com/apple/swift-system",
      "state" : {
        "revision" : "7c6ad0fc39d0763e0b699210e4124afd5041c5df",
        "version" : "1.6.4"
      }
    }
  ],
  "version" : 2
}
