{
  "originHash" : "744670f947ea4bd961f12caceaa5def19fa7b9d8113390b70544a574cb7c0dc8",
  "pins" : [
    {
      "identity" : "libwebp-xcode",
      "kind" : "remoteSourceControl",
      "location" : "https://github.com/SDWebImage/libwebp-Xcode.git",
      "state" : {
        "revision" : "0d60654eeefd5d7d2bef3835804892c40225e8b2",
        "version" : "1.5.0"
      }
    },
    {
      "identity" : "pngquant.swift",
      "kind" : "remoteSourceControl",
      "location" : "https://github.com/awxkee/pngquant.swift",
      "state" : {
        "revision" : "5ab3151e66e5f4d87009c4d536bbb7a8b1db6f80",
        "version" : "1.0.5"
      }
    },
    {
      "identity" : "swift-snappy",
      "kind" : "remoteSourceControl",
      "location" : "https://github.com/lovetodream/swift-snappy.git",
      "state" : {
        "revision" : "1ae49828144f397aebcbb9d3e334a8f84268ef8d",
        "version" : "1.0.0"
      }
    },
    {
      "identity" : "swift-system",
      "kind" : "remoteSourceControl",
      "location" : "https://github.com/apple/swift-system",
      "state" : {
        "revision" : "7c6ad0fc39d0763e0b699210e4124afd5041c5df",
        "version" : "1.6.4"
      }
    },
    {
      "identity" : "swift-webp",
      "kind" : "remoteSourceControl",
      "location" : "https://github.com/ainame/Swift-WebP.git",
      "state" : {
        "revision" : "4e7310667297f066e4884b6258a3a646cac8a50b",
        "version" : "0.6.1"
      }
    }
  ],
  "version" : 3
}
