// !$*UTF8*$!
{
	archiveVersion = 1;
	classes = {
	};
	objectVersion = 77;
	objects = {

/* Begin PBXBuildFile section */
		8AD78B602F8FC44F000EFD93 /* Snappy in Frameworks */ = {isa = PBXBuildFile; productRef = 8AD78B5F2F8FC44F000EFD93 /* Snappy */; };
		8AD78B632F8FE3AA000EFD93 /* WebP in Frameworks */ = {isa = PBXBuildFile; productRef = 8AD78B622F8FE3AA000EFD93 /* WebP */; };
		8AD78B662F8FE58B000EFD93 /* pngquant in Frameworks */ = {isa = PBXBuildFile; productRef = 8AD78B652F8FE58B000EFD93 /* pngquant */; };
/* End PBXBuildFile section */

/* Begin PBXContainerItemProxy section */
		8AD78B002F8F97AF000EFD93 /* PBXContainerItemProxy */ = {
			isa = PBXContainerItemProxy;
			containerPortal = 8AD78AE52F8F97AC000EFD93 /* Project object */;
			proxyType = 1;
			remoteGlobalIDString = 8AD78AEC2F8F97AC000EFD93;
			remoteInfo = keynotepptx;
		};
		8AD78B0A2F8F97AF000EFD93 /* PBXContainerItemProxy */ = {
			isa = PBXContainerItemProxy;
			containerPortal = 8AD78AE52F8F97AC000EFD93 /* Project object */;
			proxyType = 1;
			remoteGlobalIDString = 8AD78AEC2F8F97AC000EFD93;
			remoteInfo = keynotepptx;
		};
/* End PBXContainerItemProxy section */

/* Begin PBXFileReference section */
		8AD78AED2F8F97AC000EFD93 /* keynotepptx.app */ = {isa = PBXFileReference; explicitFileType = wrapper.application; includeInIndex = 0; path = keynotepptx.app; sourceTree = BUILT_PRODUCTS_DIR; };
		8AD78AFF2F8F97AF000EFD93 /* keynotepptxTests.xctest */ = {isa = PBXFileReference; explicitFileType = wrapper.cfbundle; includeInIndex = 0; path = keynotepptxTests.xctest; sourceTree = BUILT_PRODUCTS_DIR; };
		8AD78B092F8F97AF000EFD93 /* keynotepptxUITests.xctest */ = {isa = PBXFileReference; explicitFileType = wrapper.cfbundle; includeInIndex = 0; path = keynotepptxUITests.xctest; sourceTree = BUILT_PRODUCTS_DIR; };
/* End PBXFileReference section */

/* Begin PBXFileSystemSynchronizedBuildFileExceptionSet section */
		8AD78B1D2F8F9878000EFD93 /* Exceptions for "keynotepptx" folder in "keynotepptx" target */ = {
			isa = PBXFileSystemSynchronizedBuildFileExceptionSet;
			membershipExceptions = (
				Info.plist,
			);
			target = 8AD78AEC2F8F97AC000EFD93 /* keynotepptx */;
		};
/* End PBXFileSystemSynchronizedBuildFileExceptionSet section */

/* Begin PBXFileSystemSynchronizedRootGroup section */
		8AD78AEF2F8F97AC000EFD93 /* keynotepptx */ = {
			isa = PBXFileSystemSynchronizedRootGroup;
			exceptions = (
				8AD78B1D2F8F9878000EFD93 /* Exceptions for "keynotepptx" folder in "keynotepptx" target */,
			);
			path = keynotepptx;
			sourceTree = "<group>";
		};
		8AD78B022F8F97AF000EFD93 /* keynotepptxTests */ = {
			isa = PBXFileSystemSynchronizedRootGroup;
			path = keynotepptxTests;
			sourceTree = "<group>";
		};
		8AD78B0C2F8F97AF000EFD93 /* keynotepptxUITests */ = {
			isa = PBXFileSystemSynchronizedRootGroup;
			path = keynotepptxUITests;
			sourceTree = "<group>";
		};
/* End PBXFileSystemSynchronizedRootGroup section */

/* Begin PBXFrameworksBuildPhase section */
		8AD78AEA2F8F97AC000EFD93 /* Frameworks */ = {
			isa = PBXFrameworksBuildPhase;
			buildActionMask = 2147483647;
			files = (
				8AD78B662F8FE58B000EFD93 /* pngquant in Frameworks */,
				8AD78B632F8FE3AA000EFD93 /* WebP in Frameworks */,
				8AD78B602F8FC44F000EFD93 /* Snappy in Frameworks */,
			);
			runOnlyForDeploymentPostprocessing = 0;
		};
		8AD78AFC2F8F97AF000EFD93 /* Frameworks */ = {
			isa = PBXFrameworksBuildPhase;
			buildActionMask = 2147483647;
			files = (
			);
			runOnlyForDeploymentPostprocessing = 0;
		};
		8AD78B062F8F97AF000EFD93 /* Frameworks */ = {
			isa = PBXFrameworksBuildPhase;
			buildActionMask = 2147483647;
			files = (
			);
			runOnlyForDeploymentPostprocessing = 0;
		};
/* End PBXFrameworksBuildPhase section */

/* Begin PBXGroup section */
		8AD78AE42F8F97AC000EFD93 = {
			isa = PBXGroup;
			children = (
				8AD78AEF2F8F97AC000EFD93 /* keynotepptx */,
				8AD78B022F8F97AF000EFD93 /* keynotepptxTests */,
				8AD78B0C2F8F97AF000EFD93 /* keynotepptxUITests */,
				8AD78AEE2F8F97AC000EFD93 /* Products */,
			);
			sourceTree = "<group>";
		};
		8AD78AEE2F8F97AC000EFD93 /* Products */ = {
			isa = PBXGroup;
			children = (
				8AD78AED2F8F97AC000EFD93 /* keynotepptx.app */,
				8AD78AFF2F8F97AF000EFD93 /* keynotepptxTests.xctest */,
				8AD78B092F8F97AF000EFD93 /* keynotepptxUITests.xctest */,
			);
			name = Products;
			sourceTree = "<group>";
		};
/* End PBXGroup section */

/* Begin PBXNativeTarget section */
		8AD78AEC2F8F97AC000EFD93 /* keynotepptx */ = {
			isa = PBXNativeTarget;
			buildConfigurationList = 8AD78B132F8F97AF000EFD93 /* Build configuration list for PBXNativeTarget "keynotepptx" */;
			buildPhases = (
				8AD78AE92F8F97AC000EFD93 /* Sources */,
				8AD78AEA2F8F97AC000EFD93 /* Frameworks */,
				8AD78AEB2F8F97AC000EFD93 /* Resources */,
			);
			buildRules = (
			);
			dependencies = (
			);
			fileSystemSynchronizedGroups = (
				8AD78AEF2F8F97AC000EFD93 /* keynotepptx */,
			);
			name = keynotepptx;
			packageProductDependencies = (
				8AD78B5F2F8FC44F000EFD93 /* Snappy */,
				8AD78B622F8FE3AA000EFD93 /* WebP */,
				8AD78B652F8FE58B000EFD93 /* pngquant */,
			);
			productName = keynotepptx;
			productReference = 8AD78AED2F8F97AC000EFD93 /* keynotepptx.app */;
			productType = "com.apple.product-type.application";
		};
		8AD78AFE2F8F97AF000EFD93 /* keynotepptxTests */ = {
			isa = PBXNativeTarget;
			buildConfigurationList = 8AD78B162F8F97AF000EFD93 /* Build configuration list for PBXNativeTarget "keynotepptxTests" */;
			buildPhases = (
				8AD78AFB2F8F97AF000EFD93 /* Sources */,
				8AD78AFC2F8F97AF000EFD93 /* Frameworks */,
				8AD78AFD2F8F97AF000EFD93 /* Resources */,
			);
			buildRules = (
			);
			dependencies = (
				8AD78B012F8F97AF000EFD93 /* PBXTargetDependency */,
			);
			fileSystemSynchronizedGroups = (
				8AD78B022F8F97AF000EFD93 /* keynotepptxTests */,
			);
			name = keynotepptxTests;
			packageProductDependencies = (
			);
			productName = keynotepptxTests;
			productReference = 8AD78AFF2F8F97AF000EFD93 /* keynotepptxTests.xctest */;
			productType = "com.apple.product-type.bundle.unit-test";
		};
		8AD78B082F8F97AF000EFD93 /* keynotepptxUITests */ = {
			isa = PBXNativeTarget;
			buildConfigurationList = 8AD78B192F8F97AF000EFD93 /* Build configuration list for PBXNativeTarget "keynotepptxUITests" */;
			buildPhases = (
				8AD78B052F8F97AF000EFD93 /* Sources */,
				8AD78B062F8F97AF000EFD93 /* Frameworks */,
				8AD78B072F8F97AF000EFD93 /* Resources */,
			);
			buildRules = (
			);
			dependencies = (
				8AD78B0B2F8F97AF000EFD93 /* PBXTargetDependency */,
			);
			fileSystemSynchronizedGroups = (
				8AD78B0C2F8F97AF000EFD93 /* keynotepptxUITests */,
			);
			name = keynotepptxUITests;
			packageProductDependencies = (
			);
			productName = keynotepptxUITests;
			productReference = 8AD78B092F8F97AF000EFD93 /* keynotepptxUITests.xctest */;
			productType = "com.apple.product-type.bundle.ui-testing";
		};
/* End PBXNativeTarget section */

/* Begin PBXProject section */
		8AD78AE52F8F97AC000EFD93 /* Project object */ = {
			isa = PBXProject;
			attributes = {
				BuildIndependentTargetsInParallel = 1;
				LastSwiftUpdateCheck = 2640;
				LastUpgradeCheck = 2640;
				TargetAttributes = {
					8AD78AEC2F8F97AC000EFD93 = {
						CreatedOnToolsVersion = 26.4;
					};
					8AD78AFE2F8F97AF000EFD93 = {
						CreatedOnToolsVersion = 26.4;
						TestTargetID = 8AD78AEC2F8F97AC000EFD93;
					};
					8AD78B082F8F97AF000EFD93 = {
						CreatedOnToolsVersion = 26.4;
						TestTargetID = 8AD78AEC2F8F97AC000EFD93;
					};
				};
			};
			buildConfigurationList = 8AD78AE82F8F97AC000EFD93 /* Build configuration list for PBXProject "keynotepptx" */;
			developmentRegion = en;
			hasScannedForEncodings = 0;
			knownRegions = (
				en,
				Base,
			);
			mainGroup = 8AD78AE42F8F97AC000EFD93;
			minimizedProjectReferenceProxies = 1;
			packageReferences = (
				8AD78B5E2F8FC44F000EFD93 /* XCRemoteSwiftPackageReference "swift-snappy" */,
				8AD78B612F8FE3AA000EFD93 /* XCRemoteSwiftPackageReference "Swift-WebP" */,
				8AD78B642F8FE58B000EFD93 /* XCRemoteSwiftPackageReference "pngquant" */,
			);
			preferredProjectObjectVersion = 77;
			productRefGroup = 8AD78AEE2F8F97AC000EFD93 /* Products */;
			projectDirPath = "";
			projectRoot = "";
			targets = (
				8AD78AEC2F8F97AC000EFD93 /* keynotepptx */,
				8AD78AFE2F8F97AF000EFD93 /* keynotepptxTests */,
				8AD78B082F8F97AF000EFD93 /* keynotepptxUITests */,
			);
		};
/* End PBXProject section */

/* Begin PBXResourcesBuildPhase section */
		8AD78AEB2F8F97AC000EFD93 /* Resources */ = {
			isa = PBXResourcesBuildPhase;
			buildActionMask = 2147483647;
			files = (
			);
			runOnlyForDeploymentPostprocessing = 0;
		};
		8AD78AFD2F8F97AF000EFD93 /* Resources */ = {
			isa = PBXResourcesBuildPhase;
			buildActionMask = 2147483647;
			files = (
			);
			runOnlyForDeploymentPostprocessing = 0;
		};
		8AD78B072F8F97AF000EFD93 /* Resources */ = {
			isa = PBXResourcesBuildPhase;
			buildActionMask = 2147483647;
			files = (
			);
			runOnlyForDeploymentPostprocessing = 0;
		};
/* End PBXResourcesBuildPhase section */

/* Begin PBXSourcesBuildPhase section */
		8AD78AE92F8F97AC000EFD93 /* Sources */ = {
			isa = PBXSourcesBuildPhase;
			buildActionMask = 2147483647;
			files = (
			);
			runOnlyForDeploymentPostprocessing = 0;
		};
		8AD78AFB2F8F97AF000EFD93 /* Sources */ = {
			isa = PBXSourcesBuildPhase;
			buildActionMask = 2147483647;
			files = (
			);
			runOnlyForDeploymentPostprocessing = 0;
		};
		8AD78B052F8F97AF000EFD93 /* Sources */ = {
			isa = PBXSourcesBuildPhase;
			buildActionMask = 2147483647;
			files = (
			);
			runOnlyForDeploymentPostprocessing = 0;
		};
/* End PBXSourcesBuildPhase section */

/* Begin PBXTargetDependency section */
		8AD78B012F8F97AF000EFD93 /* PBXTargetDependency */ = {
			isa = PBXTargetDependency;
			target = 8AD78AEC2F8F97AC000EFD93 /* keynotepptx */;
			targetProxy = 8AD78B002F8F97AF000EFD93 /* PBXContainerItemProxy */;
		};
		8AD78B0B2F8F97AF000EFD93 /* PBXTargetDependency */ = {
			isa = PBXTargetDependency;
			target = 8AD78AEC2F8F97AC000EFD93 /* keynotepptx */;
			targetProxy = 8AD78B0A2F8F97AF000EFD93 /* PBXContainerItemProxy */;
		};
/* End PBXTargetDependency section */

/* Begin XCBuildConfiguration section */
		8AD78B112F8F97AF000EFD93 /* Debug */ = {
			isa = XCBuildConfiguration;
			buildSettings = {
				ALWAYS_SEARCH_USER_PATHS = NO;
				ASSETCATALOG_COMPILER_GENERATE_SWIFT_ASSET_SYMBOL_EXTENSIONS = YES;
				CLANG_ANALYZER_NONNULL = YES;
				CLANG_ANALYZER_NUMBER_OBJECT_CONVERSION = YES_AGGRESSIVE;
				CLANG_CXX_LANGUAGE_STANDARD = "gnu++20";
				CLANG_ENABLE_MODULES = YES;
				CLANG_ENABLE_OBJC_ARC = YES;
				CLANG_ENABLE_OBJC_WEAK = YES;
				CLANG_WARN_BLOCK_CAPTURE_AUTORELEASING = YES;
				CLANG_WARN_BOOL_CONVERSION = YES;
				CLANG_WARN_COMMA = YES;
				CLANG_WARN_CONSTANT_CONVERSION = YES;
				CLANG_WARN_DEPRECATED_OBJC_IMPLEMENTATIONS = YES;
				CLANG_WARN_DIRECT_OBJC_ISA_USAGE = YES_ERROR;
				CLANG_WARN_DOCUMENTATION_COMMENTS = YES;
				CLANG_WARN_EMPTY_BODY = YES;
				CLANG_WARN_ENUM_CONVERSION = YES;
				CLANG_WARN_INFINITE_RECURSION = YES;
				CLANG_WARN_INT_CONVERSION = YES;
				CLANG_WARN_NON_LITERAL_NULL_CONVERSION = YES;
				CLANG_WARN_OBJC_IMPLICIT_RETAIN_SELF = YES;
				CLANG_WARN_OBJC_LITERAL_CONVERSION = YES;
				CLANG_WARN_OBJC_ROOT_CLASS = YES_ERROR;
				CLANG_WARN_QUOTED_INCLUDE_IN_FRAMEWORK_HEADER = YES;
				CLANG_WARN_RANGE_LOOP_ANALYSIS = YES;
				CLANG_WARN_STRICT_PROTOTYPES = YES;
				CLANG_WARN_SUSPICIOUS_MOVE = YES;
				CLANG_WARN_UNGUARDED_AVAILABILITY = YES_AGGRESSIVE;
				CLANG_WARN_UNREACHABLE_CODE = YES;
				CLANG_WARN__DUPLICATE_METHOD_MATCH = YES;
				COPY_PHASE_STRIP = NO;
				DEBUG_INFORMATION_FORMAT = dwarf;
				DEVELOPMENT_TEAM = TACX2DX6C5;
				ENABLE_STRICT_OBJC_MSGSEND = YES;
				ENABLE_TESTABILITY = YES;
				ENABLE_USER_SCRIPT_SANDBOXING = YES;
				GCC_C_LANGUAGE_STANDARD = gnu17;
				GCC_DYNAMIC_NO_PIC = NO;
				GCC_NO_COMMON_BLOCKS = YES;
				GCC_OPTIMIZATION_LEVEL = 0;
				GCC_PREPROCESSOR_DEFINITIONS = (
					"DEBUG=1",
					"$(inherited)",
				);
				GCC_WARN_64_TO_32_BIT_CONVERSION = YES;
				GCC_WARN_ABOUT_RETURN_TYPE = YES_ERROR;
				GCC_WARN_UNDECLARED_SELECTOR = YES;
				GCC_WARN_UNINITIALIZED_AUTOS = YES_AGGRESSIVE;
				GCC_WARN_UNUSED_FUNCTION = YES;
				GCC_WARN_UNUSED_VARIABLE = YES;
				LOCALIZATION_PREFERS_STRING_CATALOGS = YES;
				MACOSX_DEPLOYMENT_TARGET = 26.4;
				MTL_ENABLE_DEBUG_INFO = INCLUDE_SOURCE;
				MTL_FAST_MATH = YES;
				ONLY_ACTIVE_ARCH = YES;
				SDKROOT = macosx;
				SWIFT_ACTIVE_COMPILATION_CONDITIONS = "DEBUG $(inherited)";
				SWIFT_OPTIMIZATION_LEVEL = "-Onone";
			};
			name = Debug;
		};
		8AD78B122F8F97AF000EFD93 /* Release */ = {
			isa = XCBuildConfiguration;
			buildSettings = {
				ALWAYS_SEARCH_USER_PATHS = NO;
				ASSETCATALOG_COMPILER_GENERATE_SWIFT_ASSET_SYMBOL_EXTENSIONS = YES;
				CLANG_ANALYZER_NONNULL = YES;
				CLANG_ANALYZER_NUMBER_OBJECT_CONVERSION = YES_AGGRESSIVE;
				CLANG_CXX_LANGUAGE_STANDARD = "gnu++20";
				CLANG_ENABLE_MODULES = YES;
				CLANG_ENABLE_OBJC_ARC = YES;
				CLANG_ENABLE_OBJC_WEAK = YES;
				CLANG_WARN_BLOCK_CAPTURE_AUTORELEASING = YES;
				CLANG_WARN_BOOL_CONVERSION = YES;
				CLANG_WARN_COMMA = YES;
				CLANG_WARN_CONSTANT_CONVERSION = YES;
				CLANG_WARN_DEPRECATED_OBJC_IMPLEMENTATIONS = YES;
				CLANG_WARN_DIRECT_OBJC_ISA_USAGE = YES_ERROR;
				CLANG_WARN_DOCUMENTATION_COMMENTS = YES;
				CLANG_WARN_EMPTY_BODY = YES;
				CLANG_WARN_ENUM_CONVERSION = YES;
				CLANG_WARN_INFINITE_RECURSION = YES;
				CLANG_WARN_INT_CONVERSION = YES;
				CLANG_WARN_NON_LITERAL_NULL_CONVERSION = YES;
				CLANG_WARN_OBJC_IMPLICIT_RETAIN_SELF = YES;
				CLANG_WARN_OBJC_LITERAL_CONVERSION = YES;
				CLANG_WARN_OBJC_ROOT_CLASS = YES_ERROR;
				CLANG_WARN_QUOTED_INCLUDE_IN_FRAMEWORK_HEADER = YES;
				CLANG_WARN_RANGE_LOOP_ANALYSIS = YES;
				CLANG_WARN_STRICT_PROTOTYPES = YES;
				CLANG_WARN_SUSPICIOUS_MOVE = YES;
				CLANG_WARN_UNGUARDED_AVAILABILITY = YES_AGGRESSIVE;
				CLANG_WARN_UNREACHABLE_CODE = YES;
				CLANG_WARN__DUPLICATE_METHOD_MATCH = YES;
				COPY_PHASE_STRIP = NO;
				DEBUG_INFORMATION_FORMAT = "dwarf-with-dsym";
				DEVELOPMENT_TEAM = TACX2DX6C5;
				ENABLE_NS_ASSERTIONS = NO;
				ENABLE_STRICT_OBJC_MSGSEND = YES;
				ENABLE_USER_SCRIPT_SANDBOXING = YES;
				GCC_C_LANGUAGE_STANDARD = gnu17;
				GCC_NO_COMMON_BLOCKS = YES;
				GCC_WARN_64_TO_32_BIT_CONVERSION = YES;
				GCC_WARN_ABOUT_RETURN_TYPE = YES_ERROR;
				GCC_WARN_UNDECLARED_SELECTOR = YES;
				GCC_WARN_UNINITIALIZED_AUTOS = YES_AGGRESSIVE;
				GCC_WARN_UNUSED_FUNCTION = YES;
				GCC_WARN_UNUSED_VARIABLE = YES;
				LOCALIZATION_PREFERS_STRING_CATALOGS = YES;
				MACOSX_DEPLOYMENT_TARGET = 26.4;
				MTL_ENABLE_DEBUG_INFO = NO;
				MTL_FAST_MATH = YES;
				SDKROOT = macosx;
				SWIFT_COMPILATION_MODE = wholemodule;
			};
			name = Release;
		};
		8AD78B142F8F97AF000EFD93 /* Debug */ = {
			isa = XCBuildConfiguration;
			buildSettings = {
				ASSETCATALOG_COMPILER_APPICON_NAME = AppIcon;
				ASSETCATALOG_COMPILER_GLOBAL_ACCENT_COLOR_NAME = AccentColor;
				"CODE_SIGN_IDENTITY[sdk=macosx*]" = "Apple Development";
				CODE_SIGN_STYLE = Automatic;
				COMBINE_HIDPI_IMAGES = YES;
				CURRENT_PROJECT_VERSION = 1;
				DEVELOPMENT_TEAM = TACX2DX6C5;
				ENABLE_APP_SANDBOX = YES;
				ENABLE_HARDENED_RUNTIME = YES;
				ENABLE_PREVIEWS = YES;
				ENABLE_USER_SELECTED_FILES = readonly;
				GENERATE_INFOPLIST_FILE = YES;
				INFOPLIST_FILE = keynotepptx/Info.plist;
				INFOPLIST_KEY_CFBundleDisplayName = keynotepptx;
				INFOPLIST_KEY_LSApplicationCategoryType = "public.app-category.utilities";
				INFOPLIST_KEY_NSHumanReadableCopyright = "";
				LD_RUNPATH_SEARCH_PATHS = (
					"$(inherited)",
					"@executable_path/../Frameworks",
				);
				MACOSX_DEPLOYMENT_TARGET = 14;
				MARKETING_VERSION = 2.0;
				PRODUCT_BUNDLE_IDENTIFIER = octetmediteranee.keynotepptx;
				PRODUCT_NAME = "$(TARGET_NAME)";
				REGISTER_APP_GROUPS = YES;
				STRING_CATALOG_GENERATE_SYMBOLS = YES;
				SWIFT_APPROACHABLE_CONCURRENCY = YES;
				SWIFT_DEFAULT_ACTOR_ISOLATION = MainActor;
				SWIFT_EMIT_LOC_STRINGS = YES;
				SWIFT_UPCOMING_FEATURE_MEMBER_IMPORT_VISIBILITY = YES;
				SWIFT_VERSION = 5.0;
			};
			name = Debug;
		};
		8AD78B152F8F97AF000EFD93 /* Release */ = {
			isa = XCBuildConfiguration;
			buildSettings = {
				ASSETCATALOG_COMPILER_APPICON_NAME = AppIcon;
				ASSETCATALOG_COMPILER_GLOBAL_ACCENT_COLOR_NAME = AccentColor;
				"CODE_SIGN_IDENTITY[sdk=macosx*]" = "Apple Development";
				CODE_SIGN_STYLE = Automatic;
				COMBINE_HIDPI_IMAGES = YES;
				CURRENT_PROJECT_VERSION = 1;
				DEVELOPMENT_TEAM = TACX2DX6C5;
				ENABLE_APP_SANDBOX = YES;
				ENABLE_HARDENED_RUNTIME = YES;
				ENABLE_PREVIEWS = YES;
				ENABLE_USER_SELECTED_FILES = readonly;
				GENERATE_INFOPLIST_FILE = YES;
				INFOPLIST_FILE = keynotepptx/Info.plist;
				INFOPLIST_KEY_CFBundleDisplayName = keynotepptx;
				INFOPLIST_KEY_LSApplicationCategoryType = "public.app-category.utilities";
				INFOPLIST_KEY_NSHumanReadableCopyright = "";
				LD_RUNPATH_SEARCH_PATHS = (
					"$(inherited)",
					"@executable_path/../Frameworks",
				);
				MACOSX_DEPLOYMENT_TARGET = 14;
				MARKETING_VERSION = 2.0;
				PRODUCT_BUNDLE_IDENTIFIER = octetmediteranee.keynotepptx;
				PRODUCT_NAME = "$(TARGET_NAME)";
				REGISTER_APP_GROUPS = YES;
				STRING_CATALOG_GENERATE_SYMBOLS = YES;
				SWIFT_APPROACHABLE_CONCURRENCY = YES;
				SWIFT_DEFAULT_ACTOR_ISOLATION = MainActor;
				SWIFT_EMIT_LOC_STRINGS = YES;
				SWIFT_UPCOMING_FEATURE_MEMBER_IMPORT_VISIBILITY = YES;
				SWIFT_VERSION = 5.0;
			};
			name = Release;
		};
		8AD78B172F8F97AF000EFD93 /* Debug */ = {
			isa = XCBuildConfiguration;
			buildSettings = {
				BUNDLE_LOADER = "$(TEST_HOST)";
				CODE_SIGN_STYLE = Automatic;
				CURRENT_PROJECT_VERSION = 1;
				DEVELOPMENT_TEAM = TACX2DX6C5;
				GENERATE_INFOPLIST_FILE = YES;
				MACOSX_DEPLOYMENT_TARGET = 26.4;
				MARKETING_VERSION = 1.0;
				PRODUCT_BUNDLE_IDENTIFIER = octetmediteranee.keynotepptxTests;
				PRODUCT_NAME = "$(TARGET_NAME)";
				STRING_CATALOG_GENERATE_SYMBOLS = NO;
				SWIFT_APPROACHABLE_CONCURRENCY = YES;
				SWIFT_EMIT_LOC_STRINGS = NO;
				SWIFT_UPCOMING_FEATURE_MEMBER_IMPORT_VISIBILITY = YES;
				SWIFT_VERSION = 5.0;
				TEST_HOST = "$(BUILT_PRODUCTS_DIR)/keynotepptx.app/$(BUNDLE_EXECUTABLE_FOLDER_PATH)/keynotepptx";
			};
			name = Debug;
		};
		8AD78B182F8F97AF000EFD93 /* Release */ = {
			isa = XCBuildConfiguration;
			buildSettings = {
				BUNDLE_LOADER = "$(TEST_HOST)";
				CODE_SIGN_STYLE = Automatic;
				CURRENT_PROJECT_VERSION = 1;
				DEVELOPMENT_TEAM = TACX2DX6C5;
				GENERATE_INFOPLIST_FILE = YES;
				MACOSX_DEPLOYMENT_TARGET = 26.4;
				MARKETING_VERSION = 1.0;
				PRODUCT_BUNDLE_IDENTIFIER = octetmediteranee.keynotepptxTests;
				PRODUCT_NAME = "$(TARGET_NAME)";
				STRING_CATALOG_GENERATE_SYMBOLS = NO;
				SWIFT_APPROACHABLE_CONCURRENCY = YES;
				SWIFT_EMIT_LOC_STRINGS = NO;
				SWIFT_UPCOMING_FEATURE_MEMBER_IMPORT_VISIBILITY = YES;
				SWIFT_VERSION = 5.0;
				TEST_HOST = "$(BUILT_PRODUCTS_DIR)/keynotepptx.app/$(BUNDLE_EXECUTABLE_FOLDER_PATH)/keynotepptx";
			};
			name = Release;
		};
		8AD78B1A2F8F97AF000EFD93 /* Debug */ = {
			isa = XCBuildConfiguration;
			buildSettings = {
				CODE_SIGN_STYLE = Automatic;
				CURRENT_PROJECT_VERSION = 1;
				DEVELOPMENT_TEAM = TACX2DX6C5;
				GENERATE_INFOPLIST_FILE = YES;
				MARKETING_VERSION = 1.0;
				PRODUCT_BUNDLE_IDENTIFIER = octetmediteranee.keynotepptxUITests;
				PRODUCT_NAME = "$(TARGET_NAME)";
				STRING_CATALOG_GENERATE_SYMBOLS = NO;
				SWIFT_APPROACHABLE_CONCURRENCY = YES;
				SWIFT_EMIT_LOC_STRINGS = NO;
				SWIFT_UPCOMING_FEATURE_MEMBER_IMPORT_VISIBILITY = YES;
				SWIFT_VERSION = 5.0;
				TEST_TARGET_NAME = keynotepptx;
			};
			name = Debug;
		};
		8AD78B1B2F8F97AF000EFD93 /* Release */ = {
			isa = XCBuildConfiguration;
			buildSettings = {
				CODE_SIGN_STYLE = Automatic;
				CURRENT_PROJECT_VERSION = 1;
				DEVELOPMENT_TEAM = TACX2DX6C5;
				GENERATE_INFOPLIST_FILE = YES;
				MARKETING_VERSION = 1.0;
				PRODUCT_BUNDLE_IDENTIFIER = octetmediteranee.keynotepptxUITests;
				PRODUCT_NAME = "$(TARGET_NAME)";
				STRING_CATALOG_GENERATE_SYMBOLS = NO;
				SWIFT_APPROACHABLE_CONCURRENCY = YES;
				SWIFT_EMIT_LOC_STRINGS = NO;
				SWIFT_UPCOMING_FEATURE_MEMBER_IMPORT_VISIBILITY = YES;
				SWIFT_VERSION = 5.0;
				TEST_TARGET_NAME = keynotepptx;
			};
			name = Release;
		};
/* End XCBuildConfiguration section */

/* Begin XCConfigurationList section */
		8AD78AE82F8F97AC000EFD93 /* Build configuration list for PBXProject "keynotepptx" */ = {
			isa = XCConfigurationList;
			buildConfigurations = (
				8AD78B112F8F97AF000EFD93 /* Debug */,
				8AD78B122F8F97AF000EFD93 /* Release */,
			);
			defaultConfigurationIsVisible = 0;
			defaultConfigurationName = Release;
		};
		8AD78B132F8F97AF000EFD93 /* Build configuration list for PBXNativeTarget "keynotepptx" */ = {
			isa = XCConfigurationList;
			buildConfigurations = (
				8AD78B142F8F97AF000EFD93 /* Debug */,
				8AD78B152F8F97AF000EFD93 /* Release */,
			);
			defaultConfigurationIsVisible = 0;
			defaultConfigurationName = Release;
		};
		8AD78B162F8F97AF000EFD93 /* Build configuration list for PBXNativeTarget "keynotepptxTests" */ = {
			isa = XCConfigurationList;
			buildConfigurations = (
				8AD78B172F8F97AF000EFD93 /* Debug */,
				8AD78B182F8F97AF000EFD93 /* Release */,
			);
			defaultConfigurationIsVisible = 0;
			defaultConfigurationName = Release;
		};
		8AD78B192F8F97AF000EFD93 /* Build configuration list for PBXNativeTarget "keynotepptxUITests" */ = {
			isa = XCConfigurationList;
			buildConfigurations = (
				8AD78B1A2F8F97AF000EFD93 /* Debug */,
				8AD78B1B2F8F97AF000EFD93 /* Release */,
			);
			defaultConfigurationIsVisible = 0;
			defaultConfigurationName = Release;
		};
/* End XCConfigurationList section */

/* Begin XCRemoteSwiftPackageReference section */
		8AD78B5E2F8FC44F000EFD93 /* XCRemoteSwiftPackageReference "swift-snappy" */ = {
			isa = XCRemoteSwiftPackageReference;
			repositoryURL = "https://github.com/lovetodream/swift-snappy.git";
			requirement = {
				kind = upToNextMajorVersion;
				minimumVersion = 1.0.0;
			};
		};
		8AD78B612F8FE3AA000EFD93 /* XCRemoteSwiftPackageReference "Swift-WebP" */ = {
			isa = XCRemoteSwiftPackageReference;
			repositoryURL = "https://github.com/ainame/Swift-WebP.git";
			requirement = {
				kind = upToNextMajorVersion;
				minimumVersion = 0.6.1;
			};
		};
		8AD78B642F8FE58B000EFD93 /* XCRemoteSwiftPackageReference "pngquant" */ = {
			isa = XCRemoteSwiftPackageReference;
			repositoryURL = "https://github.com/awxkee/pngquant.swift";
			requirement = {
				kind = upToNextMajorVersion;
				minimumVersion = 1.0.5;
			};
		};
/* End XCRemoteSwiftPackageReference section */

/* Begin XCSwiftPackageProductDependency section */
		8AD78B5F2F8FC44F000EFD93 /* Snappy */ = {
			isa = XCSwiftPackageProductDependency;
			package = 8AD78B5E2F8FC44F000EFD93 /* XCRemoteSwiftPackageReference "swift-snappy" */;
			productName = Snappy;
		};
		8AD78B622F8FE3AA000EFD93 /* WebP */ = {
			isa = XCSwiftPackageProductDependency;
			package = 8AD78B612F8FE3AA000EFD93 /* XCRemoteSwiftPackageReference "Swift-WebP" */;
			productName = WebP;
		};
		8AD78B652F8FE58B000EFD93 /* pngquant */ = {
			isa = XCSwiftPackageProductDependency;
			package = 8AD78B642F8FE58B000EFD93 /* XCRemoteSwiftPackageReference "pngquant" */;
			productName = pngquant;
		};
/* End XCSwiftPackageProductDependency section */
	};
	rootObject = 8AD78AE52F8F97AC000EFD93 /* Project object */;
}
